
Microsoft Visual Studio Solution File, Format Version 12.00
# Visual Studio Version 17
VisualStudioVersion = 17.4.33110.190
MinimumVisualStudioVersion = 10.0.40219.1
Project("{9A19103F-16F7-4668-BE54-9A1E7A4F7556}") = "Motohut API", "Motohut API.csproj", "{1EF62122-BE3C-45D4-B100-7EE44A396057}"
EndProject
Project("{9A19103F-16F7-4668-BE54-9A1E7A4F7556}") = "Motohut API Test", "..\Motohut API Test\Motohut API Test.csproj", "{CEF1A37F-9D78-4E92-8BA9-6A095CDDABE5}"
EndProject
Project("{9A19103F-16F7-4668-BE54-9A1E7A4F7556}") = "MotohutAPI.IntergrationTest", "..\MotohutAPI.IntergrationTest\MotohutAPI.IntergrationTest.csproj", "{9864DCA3-BE23-450F-918C-37EC9D640C39}"
EndProject
Project("{FAE04EC0-301F-11D3-BF4B-00C04F79EFBC}") = "Motohut_Integratrietesten", "..\Motohut_Integratrietesten\Motohut_Integratrietesten.csproj", "{4A74C706-FC8E-4CBB-B04C-A368963BD9E8}"
EndProject
Global
	GlobalSection(SolutionConfigurationPlatforms) = preSolution
		Debug|Any CPU = Debug|Any CPU
		Release|Any CPU = Release|Any CPU
	EndGlobalSection
	GlobalSection(ProjectConfigurationPlatforms) = postSolution
		{1EF62122-BE3C-45D4-B100-7EE44A396057}.Debug|Any CPU.ActiveCfg = Debug|Any CPU
		{1EF62122-BE3C-45D4-B100-7EE44A396057}.Debug|Any CPU.Build.0 = Debug|Any CPU
		{1EF62122-BE3C-45D4-B100-7EE44A396057}.Release|Any CPU.ActiveCfg = Release|Any CPU
		{1EF62122-BE3C-45D4-B100-7EE44A396057}.Release|Any CPU.Build.0 = Release|Any CPU
		{CEF1A37F-9D78-4E92-8BA9-6A095CDDABE5}.Debug|Any CPU.ActiveCfg = Debug|Any CPU
		{CEF1A37F-9D78-4E92-8BA9-6A095CDDABE5}.Debug|Any CPU.Build.0 = Debug|Any CPU
		{CEF1A37F-9D78-4E92-8BA9-6A095CDDABE5}.Release|Any CPU.ActiveCfg = Release|Any CPU
		{CEF1A37F-9D78-4E92-8BA9-6A095CDDABE5}.Release|Any CPU.Build.0 = Release|Any CPU
		{9864DCA3-BE23-450F-918C-37EC9D640C39}.Debug|Any CPU.ActiveCfg = Debug|Any CPU
		{9864DCA3-BE23-450F-918C-37EC9D640C39}.Debug|Any CPU.Build.0 = Debug|Any CPU
		{9864DCA3-BE23-450F-918C-37EC9D640C39}.Release|Any CPU.ActiveCfg = Release|Any CPU
		{9864DCA3-BE23-450F-918C-37EC9D640C39}.Release|Any CPU.Build.0 = Release|Any CPU
		{4A74C706-FC8E-4CBB-B04C-A368963BD9E8}.Debug|Any CPU.ActiveCfg = Debug|Any CPU
		{4A74C706-FC8E-4CBB-B04C-A368963BD9E8}.Debug|Any CPU.Build.0 = Debug|Any CPU
		{4A74C706-FC8E-4CBB-B04C-A368963BD9E8}.Release|Any CPU.ActiveCfg = Release|Any CPU
		{4A74C706-FC8E-4CBB-B04C-A368963BD9E8}.Release|Any CPU.Build.0 = Release|Any CPU
	EndGlobalSection
	GlobalSection(SolutionProperties) = preSolution
		HideSolutionNode = FALSE
	EndGlobalSection
	GlobalSection(ExtensibilityGlobals) = postSolution
		SolutionGuid = {5E282A46-706D-40A6-83C2-C8B36990CF19}
	EndGlobalSection
EndGlobal
